Microsoft Visual Studio Solution File, Format Version 11.00
# Visual Studio 2015
Project("{D0CEBCE3-BB31-0269-0A91-4EA04C6A6A83}") = "NewProject", "NewProject.vcxproj", "{9ACE6F66-77A6-2DFF-C6E3-34E4EB172D7B}"
EndProject
Global
	GlobalSection(SolutionConfigurationPlatforms) = preSolution
		Debug|Win32 = Debug|Win32
		Release|Win32 = Release|Win32
	EndGlobalSection
	GlobalSection(ProjectConfigurationPlatforms) = postSolution
		{9ACE6F66-77A6-2DFF-C6E3-34E4EB172D7B}.Debug|Win32.ActiveCfg = Debug|Win32
		{9ACE6F66-77A6-2DFF-C6E3-34E4EB172D7B}.Debug|Win32.Build.0 = Debug|Win32
		{9ACE6F66-77A6-2DFF-C6E3-34E4EB172D7B}.Release|Win32.ActiveCfg = Release|Win32
		{9ACE6F66-77A6-2DFF-C6E3-34E4EB172D7B}.Release|Win32.Build.0 = Release|Win32
	EndGlobalSection
	GlobalSection(SolutionProperties) = preSolution
		HideSolutionNode = FALSE
	EndGlobalSection
EndGlobal
